// !$*UTF8*$!
{
	archiveVersion = 1;
	classes = {
	};
	objectVersion = 45;
	objects = {

/* Begin PBXBuildFile section */
		8E00AEA11EA83553005745BB /* EncryptionTools.m in Sources */ = {isa = PBXBuildFile; fileRef = 8E00AE9A1EA83553005745BB /* EncryptionTools.m */; };
		8E00AEA21EA83553005745BB /* RSACryptor.m in Sources */ = {isa = PBXBuildFile; fileRef = 8E00AE9D1EA83553005745BB /* RSACryptor.m */; };
		8E00AEA31EA83553005745BB /* NSString+Hash.m in Sources */ = {isa = PBXBuildFile; fileRef = 8E00AEA01EA83553005745BB /* NSString+Hash.m */; };
		8E00EB091EBABCB60031AD2D /* HomeTableViewDataSource.m in Sources */ = {isa = PBXBuildFile; fileRef = 8E00EB081EBABCB60031AD2D /* HomeTableViewDataSource.m */; };
		8E00EB0F1EBAC4D80031AD2D /* HomeTableViewItem.m in Sources */ = {isa = PBXBuildFile; fileRef = 8E00EB0E1EBAC4D80031AD2D /* HomeTableViewItem.m */; };
		8E00EB121EBAC7A40031AD2D /* HomeTableViewCell.m in Sources */ = {isa = PBXBuildFile; fileRef = 8E00EB111EBAC7A40031AD2D /* HomeTableViewCell.m */; };
		8E00EB161EBADE520031AD2D /* headIcon.png in Resources */ = {isa = PBXBuildFile; fileRef = 8E00EB151EBADE520031AD2D /* headIcon.png */; };
		8E02FB0E1EA0727800267208 /* KtBaseTableView.m in Sources */ = {isa = PBXBuildFile; fileRef = 8E02FB031EA0727800267208 /* KtBaseTableView.m */; };
		8E02FB0F1EA0727800267208 /* KtBaseTableViewCell.m in Sources */ = {isa = PBXBuildFile; fileRef = 8E02FB051EA0727800267208 /* KtBaseTableViewCell.m */; };
		8E02FB101EA0727800267208 /* KtTableViewBaseItem.m in Sources */ = {isa = PBXBuildFile; fileRef = 8E02FB071EA0727800267208 /* KtTableViewBaseItem.m */; };
		8E02FB111EA0727800267208 /* KtTableViewController.m in Sources */ = {isa = PBXBuildFile; fileRef = 8E02FB091EA0727800267208 /* KtTableViewController.m */; };
		8E02FB121EA0727800267208 /* KtTableViewDataSource.m in Sources */ = {isa = PBXBuildFile; fileRef = 8E02FB0B1EA0727800267208 /* KtTableViewDataSource.m */; };
		8E02FB131EA0727800267208 /* KtTableViewSectionObject.m in Sources */ = {isa = PBXBuildFile; fileRef = 8E02FB0D1EA0727800267208 /* KtTableViewSectionObject.m */; };
		8E0DE3911E99CFBE000D2400 /* YYPhotoGroupView.m in Sources */ = {isa = PBXBuildFile; fileRef = 8E0DE3901E99CFBE000D2400 /* YYPhotoGroupView.m */; };
		8E0F1C081F0103790065AC07 /* UIResponder+Router.m in Sources */ = {isa = PBXBuildFile; fileRef = 8E0F1C031F0103790065AC07 /* UIResponder+Router.m */; };
		8E0F1C091F0103790065AC07 /* UIView+Alert.m in Sources */ = {isa = PBXBuildFile; fileRef = 8E0F1C051F0103790065AC07 /* UIView+Alert.m */; };
		8E0F1C0A1F0103790065AC07 /* UIView+Controller.m in Sources */ = {isa = PBXBuildFile; fileRef = 8E0F1C071F0103790065AC07 /* UIView+Controller.m */; };
		8E1C64011EC0060E00E81690 /* UIView+YX_Add.m in Sources */ = {isa = PBXBuildFile; fileRef = 8E1C64001EC0060E00E81690 /* UIView+YX_Add.m */; };
		8E38853F1EB869E200E8EF56 /* UIColor+YYAdd.m in Sources */ = {isa = PBXBuildFile; fileRef = 8E38853E1EB869E200E8EF56 /* UIColor+YYAdd.m */; };
		8E3885421EB86DFE00E8EF56 /* NSString+Regex.m in Sources */ = {isa = PBXBuildFile; fileRef = 8E3885411EB86DFE00E8EF56 /* NSString+Regex.m */; };
		8E398A831E98CA1100CFB569 /* UIView+YYAdd.m in Sources */ = {isa = PBXBuildFile; fileRef = 8E398A821E98CA1100CFB569 /* UIView+YYAdd.m */; };
		8E398A861E98E55E00CFB569 /* CALayer+YYAdd.m in Sources */ = {isa = PBXBuildFile; fileRef = 8E398A851E98E55E00CFB569 /* CALayer+YYAdd.m */; };
		8E6190A51E9B310400EC43DD /* GeneralTool.m in Sources */ = {isa = PBXBuildFile; fileRef = 8E6190A11E9B310400EC43DD /* GeneralTool.m */; };
		8E6190A61E9B310400EC43DD /* NSDictionary+Log.m in Sources */ = {isa = PBXBuildFile; fileRef = 8E6190A41E9B310400EC43DD /* NSDictionary+Log.m */; };
		8E6190AF1E9B37DA00EC43DD /* StepCountTool.m in Sources */ = {isa = PBXBuildFile; fileRef = 8E6190AE1E9B37DA00EC43DD /* StepCountTool.m */; };
		8E6190C01E9B6B9000EC43DD /* LoginView.m in Sources */ = {isa = PBXBuildFile; fileRef = 8E6190B51E9B6B8F00EC43DD /* LoginView.m */; };
		8E6190C11E9B6B9000EC43DD /* MyNavViewController.m in Sources */ = {isa = PBXBuildFile; fileRef = 8E6190B71E9B6B8F00EC43DD /* MyNavViewController.m */; };
		8E6190C21E9B6B9000EC43DD /* NextViewController.m in Sources */ = {isa = PBXBuildFile; fileRef = 8E6190B91E9B6B8F00EC43DD /* NextViewController.m */; };
		8E6190C31E9B6B9000EC43DD /* PingTransition.m in Sources */ = {isa = PBXBuildFile; fileRef = 8E6190BB1E9B6B8F00EC43DD /* PingTransition.m */; };
		8E6190C41E9B6B9000EC43DD /* YXLoginButton.m in Sources */ = {isa = PBXBuildFile; fileRef = 8E6190BD1E9B6B8F00EC43DD /* YXLoginButton.m */; };
		8E6190C51E9B6B9000EC43DD /* YXTextField.m in Sources */ = {isa = PBXBuildFile; fileRef = 8E6190BF1E9B6B8F00EC43DD /* YXTextField.m */; };
		8E6190C81E9B6BD600EC43DD /* LoginViewController.m in Sources */ = {isa = PBXBuildFile; fileRef = 8E6190C71E9B6BD600EC43DD /* LoginViewController.m */; };
		8E70B7B71EF9FB4300F08F96 /* FPagesViewController.m in Sources */ = {isa = PBXBuildFile; fileRef = 8E70B7B61EF9FB4300F08F96 /* FPagesViewController.m */; };
		8E70B7BA1EF9FC4500F08F96 /* FTitleLabel.m in Sources */ = {isa = PBXBuildFile; fileRef = 8E70B7B91EF9FC4500F08F96 /* FTitleLabel.m */; };
		8E70B7BD1EFA0F1900F08F96 /* AppDelegate+AppService.m in Sources */ = {isa = PBXBuildFile; fileRef = 8E70B7BC1EFA0F1900F08F96 /* AppDelegate+AppService.m */; };
		8E70EEF11E6ABD2D00CF35FA /* YXNetWorkTool.m in Sources */ = {isa = PBXBuildFile; fileRef = 8E70EEF01E6ABD2D00CF35FA /* YXNetWorkTool.m */; };
		8E70EF001E6AC24400CF35FA /* 1.jpg in Resources */ = {isa = PBXBuildFile; fileRef = 8E70EEFA1E6AC24400CF35FA /* 1.jpg */; };
		8E70EF011E6AC24400CF35FA /* 2.jpg in Resources */ = {isa = PBXBuildFile; fileRef = 8E70EEFB1E6AC24400CF35FA /* 2.jpg */; };
		8E70EF021E6AC24400CF35FA /* 3.jpg in Resources */ = {isa = PBXBuildFile; fileRef = 8E70EEFC1E6AC24400CF35FA /* 3.jpg */; };
		8E70EF031E6AC24400CF35FA /* 4.jpg in Resources */ = {isa = PBXBuildFile; fileRef = 8E70EEFD1E6AC24400CF35FA /* 4.jpg */; };
		8E70EF041E6AC24400CF35FA /* 5.jpg in Resources */ = {isa = PBXBuildFile; fileRef = 8E70EEFE1E6AC24400CF35FA /* 5.jpg */; };
		8E70EF051E6AC24400CF35FA /* 6.jpg in Resources */ = {isa = PBXBuildFile; fileRef = 8E70EEFF1E6AC24400CF35FA /* 6.jpg */; };
		8E71DBC51EB9BC6500CB66A1 /* HomeViewController.m in Sources */ = {isa = PBXBuildFile; fileRef = 8E71DBB61EB9BC6500CB66A1 /* HomeViewController.m */; };
		8E71DBC61EB9BC6500CB66A1 /* MessageViewController.m in Sources */ = {isa = PBXBuildFile; fileRef = 8E71DBB91EB9BC6500CB66A1 /* MessageViewController.m */; };
		8E71DBC71EB9BC6500CB66A1 /* MineViewController.m in Sources */ = {isa = PBXBuildFile; fileRef = 8E71DBBC1EB9BC6500CB66A1 /* MineViewController.m */; };
		8E71DBC81EB9BC6500CB66A1 /* SecondViewController.m in Sources */ = {isa = PBXBuildFile; fileRef = 8E71DBBF1EB9BC6500CB66A1 /* SecondViewController.m */; };
		8E71DBC91EB9BC6500CB66A1 /* YXTabBar.m in Sources */ = {isa = PBXBuildFile; fileRef = 8E71DBC21EB9BC6500CB66A1 /* YXTabBar.m */; };
		8E71DBCA1EB9BC6500CB66A1 /* YXTabBarController.m in Sources */ = {isa = PBXBuildFile; fileRef = 8E71DBC41EB9BC6500CB66A1 /* YXTabBarController.m */; };
		8E78D88D1ED591CF009FEBA6 /* HandlerView.m in Sources */ = {isa = PBXBuildFile; fileRef = 8E78D8841ED591CF009FEBA6 /* HandlerView.m */; };
		8E78D88F1ED591CF009FEBA6 /* InfoView.m in Sources */ = {isa = PBXBuildFile; fileRef = 8E78D88A1ED591CF009FEBA6 /* InfoView.m */; };
		8E78D8901ED591CF009FEBA6 /* ViewController.m in Sources */ = {isa = PBXBuildFile; fileRef = 8E78D88C1ED591CF009FEBA6 /* ViewController.m */; };
		8E78D8931ED597B6009FEBA6 /* ScrollViewComplexController.m in Sources */ = {isa = PBXBuildFile; fileRef = 8E78D8921ED597B5009FEBA6 /* ScrollViewComplexController.m */; };
		8E78D89A1ED5AF31009FEBA6 /* DLRadioButton.m in Sources */ = {isa = PBXBuildFile; fileRef = 8E78D8991ED5AF31009FEBA6 /* DLRadioButton.m */; };
		8E78D89D1ED5B99A009FEBA6 /* DoAllTypeView.m in Sources */ = {isa = PBXBuildFile; fileRef = 8E78D89C1ED5B99A009FEBA6 /* DoAllTypeView.m */; };
		8E78D8A01ED6DAA1009FEBA6 /* DepartMentView.m in Sources */ = {isa = PBXBuildFile; fileRef = 8E78D89F1ED6DAA1009FEBA6 /* DepartMentView.m */; };
		8E78D8A31ED6DEA2009FEBA6 /* TimeLimitedView.m in Sources */ = {isa = PBXBuildFile; fileRef = 8E78D8A21ED6DEA2009FEBA6 /* TimeLimitedView.m */; };
		8E78D8A71ED6E14A009FEBA6 /* CCDatePickerView.m in Sources */ = {isa = PBXBuildFile; fileRef = 8E78D8A61ED6E14A009FEBA6 /* CCDatePickerView.m */; };
		8E791A291F3BFC8000A4C33A /* MBProgressHUD+YX.m in Sources */ = {isa = PBXBuildFile; fileRef = 8E791A281F3BFC8000A4C33A /* MBProgressHUD+YX.m */; };
		8EA383141EB87D8200BA2837 /* UIImage+YYAdd.m in Sources */ = {isa = PBXBuildFile; fileRef = 8EA383131EB87D8200BA2837 /* UIImage+YYAdd.m */; };
		8EDF37261E5AC9F100156B6C /* main.m in Sources */ = {isa = PBXBuildFile; fileRef = 8EDF37251E5AC9F100156B6C /* main.m */; };
		8EDF37311E5AC9F100156B6C /* Assets.xcassets in Resources */ = {isa = PBXBuildFile; fileRef = 8EDF37301E5AC9F100156B6C /* Assets.xcassets */; };
		8EDF37341E5AC9F100156B6C /* LaunchScreen.storyboard in Resources */ = {isa = PBXBuildFile; fileRef = 8EDF37321E5AC9F100156B6C /* LaunchScreen.storyboard */; };
		8EDF373F1E5AC9F100156B6C /* FYXin_ProjectTests.m in Sources */ = {isa = PBXBuildFile; fileRef = 8EDF373E1E5AC9F100156B6C /* FYXin_ProjectTests.m */; };
		8EDF374F1E5ACC9700156B6C /* AppDelegate.m in Sources */ = {isa = PBXBuildFile; fileRef = 8EDF374B1E5ACC9700156B6C /* AppDelegate.m */; };
		8EF976501EADF5E900D4625B /* UITableView+PlaceHolderView.m in Sources */ = {isa = PBXBuildFile; fileRef = 8EF9764F1EADF5E900D4625B /* UITableView+PlaceHolderView.m */; };
		8EF9765A1EADFC4300D4625B /* RegisterViewController.m in Sources */ = {isa = PBXBuildFile; fileRef = 8EF976591EADFC4300D4625B /* RegisterViewController.m */; };
		9A6601AA4C0E152810F75541 /* libPods-FYXin_Project.a in Frameworks */ = {isa = PBXBuildFile; fileRef = 2229C8C87FD5B3AF1209AFF0 /* libPods-FYXin_Project.a */; };
/* End PBXBuildFile section */

/* Begin PBXContainerItemProxy section */
		8EDF373B1E5AC9F100156B6C /* PBXContainerItemProxy */ = {
			isa = PBXContainerItemProxy;
			containerPortal = 8EDF37191E5AC9F100156B6C /* Project object */;
			proxyType = 1;
			remoteGlobalIDString = 8EDF37201E5AC9F100156B6C;
			remoteInfo = FYXin_Project;
		};
/* End PBXContainerItemProxy section */

/* Begin PBXFileReference section */
		2229C8C87FD5B3AF1209AFF0 /* libPods-FYXin_Project.a */ = {isa = PBXFileReference; explicitFileType = archive.ar; includeInIndex = 0; path = "libPods-FYXin_Project.a"; sourceTree = BUILT_PRODUCTS_DIR; };
		75D84252516CDECC69FFC1CB /* Pods-FYXin_Project.debug.xcconfig */ = {isa = PBXFileReference; includeInIndex = 1; lastKnownFileType = text.xcconfig; name = "Pods-FYXin_Project.debug.xcconfig"; path = "Pods/Target Support Files/Pods-FYXin_Project/Pods-FYXin_Project.debug.xcconfig"; sourceTree = "<group>"; };
		8E00AE991EA83553005745BB /* EncryptionTools.h */ = {isa = PBXFileReference; fileEncoding = 4; lastKnownFileType = sourcecode.c.h; path = EncryptionTools.h; sourceTree = "<group>"; };
		8E00AE9A1EA83553005745BB /* EncryptionTools.m */ = {isa = PBXFileReference; fileEncoding = 4; lastKnownFileType = sourcecode.c.objc; path = EncryptionTools.m; sourceTree = "<group>"; };
		8E00AE9C1EA83553005745BB /* RSACryptor.h */ = {isa = PBXFileReference; fileEncoding = 4; lastKnownFileType = sourcecode.c.h; path = RSACryptor.h; sourceTree = "<group>"; };
		8E00AE9D1EA83553005745BB /* RSACryptor.m */ = {isa = PBXFileReference; fileEncoding = 4; lastKnownFileType = sourcecode.c.objc; path = RSACryptor.m; sourceTree = "<group>"; };
		8E00AE9F1EA83553005745BB /* NSString+Hash.h */ = {isa = PBXFileReference; fileEncoding = 4; lastKnownFileType = sourcecode.c.h; path = "NSString+Hash.h"; sourceTree = "<group>"; };
		8E00AEA01EA83553005745BB /* NSString+Hash.m */ = {isa = PBXFileReference; fileEncoding = 4; lastKnownFileType = sourcecode.c.objc; path = "NSString+Hash.m"; sourceTree = "<group>"; };
		8E00EB071EBABCB60031AD2D /* HomeTableViewDataSource.h */ = {isa = PBXFileReference; fileEncoding = 4; lastKnownFileType = sourcecode.c.h; path = HomeTableViewDataSource.h; sourceTree = "<group>"; };
		8E00EB081EBABCB60031AD2D /* HomeTableViewDataSource.m */ = {isa = PBXFileReference; fileEncoding = 4; lastKnownFileType = sourcecode.c.objc; path = HomeTableViewDataSource.m; sourceTree = "<group>"; };
		8E00EB0D1EBAC4D80031AD2D /* HomeTableViewItem.h */ = {isa = PBXFileReference; fileEncoding = 4; lastKnownFileType = sourcecode.c.h; path = HomeTableViewItem.h; sourceTree = "<group>"; };
		8E00EB0E1EBAC4D80031AD2D /* HomeTableViewItem.m */ = {isa = PBXFileReference; fileEncoding = 4; lastKnownFileType = sourcecode.c.objc; path = HomeTableViewItem.m; sourceTree = "<group>"; };
		8E00EB101EBAC7A40031AD2D /* HomeTableViewCell.h */ = {isa = PBXFileReference; fileEncoding = 4; lastKnownFileType = sourcecode.c.h; path = HomeTableViewCell.h; sourceTree = "<group>"; };
		8E00EB111EBAC7A40031AD2D /* HomeTableViewCell.m */ = {isa = PBXFileReference; fileEncoding = 4; lastKnownFileType = sourcecode.c.objc; path = HomeTableViewCell.m; sourceTree = "<group>"; };
		8E00EB151EBADE520031AD2D /* headIcon.png */ = {isa = PBXFileReference; lastKnownFileType = image.png; path = headIcon.png; sourceTree = "<group>"; };
		8E02FB021EA0727800267208 /* KtBaseTableView.h */ = {isa = PBXFileReference; fileEncoding = 4; lastKnownFileType = sourcecode.c.h; path = KtBaseTableView.h; sourceTree = "<group>"; };
		8E02FB031EA0727800267208 /* KtBaseTableView.m */ = {isa = PBXFileReference; fileEncoding = 4; lastKnownFileType = sourcecode.c.objc; path = KtBaseTableView.m; sourceTree = "<group>"; };
		8E02FB041EA0727800267208 /* KtBaseTableViewCell.h */ = {isa = PBXFileReference; fileEncoding = 4; lastKnownFileType = sourcecode.c.h; path = KtBaseTableViewCell.h; sourceTree = "<group>"; };
		8E02FB051EA0727800267208 /* KtBaseTableViewCell.m */ = {isa = PBXFileReference; fileEncoding = 4; lastKnownFileType = sourcecode.c.objc; path = KtBaseTableViewCell.m; sourceTree = "<group>"; };
		8E02FB061EA0727800267208 /* KtTableViewBaseItem.h */ = {isa = PBXFileReference; fileEncoding = 4; lastKnownFileType = sourcecode.c.h; path = KtTableViewBaseItem.h; sourceTree = "<group>"; };
		8E02FB071EA0727800267208 /* KtTableViewBaseItem.m */ = {isa = PBXFileReference; fileEncoding = 4; lastKnownFileType = sourcecode.c.objc; path = KtTableViewBaseItem.m; sourceTree = "<group>"; };
		8E02FB081EA0727800267208 /* KtTableViewController.h */ = {isa = PBXFileReference; fileEncoding = 4; lastKnownFileType = sourcecode.c.h; path = KtTableViewController.h; sourceTree = "<group>"; };
		8E02FB091EA0727800267208 /* KtTableViewController.m */ = {isa = PBXFileReference; fileEncoding = 4; lastKnownFileType = sourcecode.c.objc; path = KtTableViewController.m; sourceTree = "<group>"; };
		8E02FB0A1EA0727800267208 /* KtTableViewDataSource.h */ = {isa = PBXFileReference; fileEncoding = 4; lastKnownFileType = sourcecode.c.h; path = KtTableViewDataSource.h; sourceTree = "<group>"; };
		8E02FB0B1EA0727800267208 /* KtTableViewDataSource.m */ = {isa = PBXFileReference; fileEncoding = 4; lastKnownFileType = sourcecode.c.objc; path = KtTableViewDataSource.m; sourceTree = "<group>"; };
		8E02FB0C1EA0727800267208 /* KtTableViewSectionObject.h */ = {isa = PBXFileReference; fileEncoding = 4; lastKnownFileType = sourcecode.c.h; path = KtTableViewSectionObject.h; sourceTree = "<group>"; };
		8E02FB0D1EA0727800267208 /* KtTableViewSectionObject.m */ = {isa = PBXFileReference; fileEncoding = 4; lastKnownFileType = sourcecode.c.objc; path = KtTableViewSectionObject.m; sourceTree = "<group>"; };
		8E0DE38F1E99CFBE000D2400 /* YYPhotoGroupView.h */ = {isa = PBXFileReference; fileEncoding = 4; lastKnownFileType = sourcecode.c.h; path = YYPhotoGroupView.h; sourceTree = "<group>"; };
		8E0DE3901E99CFBE000D2400 /* YYPhotoGroupView.m */ = {isa = PBXFileReference; fileEncoding = 4; lastKnownFileType = sourcecode.c.objc; path = YYPhotoGroupView.m; sourceTree = "<group>"; };
		8E0F1C021F0103790065AC07 /* UIResponder+Router.h */ = {isa = PBXFileReference; fileEncoding = 4; lastKnownFileType = sourcecode.c.h; path = "UIResponder+Router.h"; sourceTree = "<group>"; };
		8E0F1C031F0103790065AC07 /* UIResponder+Router.m */ = {isa = PBXFileReference; fileEncoding = 4; lastKnownFileType = sourcecode.c.objc; path = "UIResponder+Router.m"; sourceTree = "<group>"; };
		8E0F1C041F0103790065AC07 /* UIView+Alert.h */ = {isa = PBXFileReference; fileEncoding = 4; lastKnownFileType = sourcecode.c.h; path = "UIView+Alert.h"; sourceTree = "<group>"; };
		8E0F1C051F0103790065AC07 /* UIView+Alert.m */ = {isa = PBXFileReference; fileEncoding = 4; lastKnownFileType = sourcecode.c.objc; path = "UIView+Alert.m"; sourceTree = "<group>"; };
		8E0F1C061F0103790065AC07 /* UIView+Controller.h */ = {isa = PBXFileReference; fileEncoding = 4; lastKnownFileType = sourcecode.c.h; path = "UIView+Controller.h"; sourceTree = "<group>"; };
		8E0F1C071F0103790065AC07 /* UIView+Controller.m */ = {isa = PBXFileReference; fileEncoding = 4; lastKnownFileType = sourcecode.c.objc; path = "UIView+Controller.m"; sourceTree = "<group>"; };
		8E1C63FF1EC0060E00E81690 /* UIView+YX_Add.h */ = {isa = PBXFileReference; fileEncoding = 4; lastKnownFileType = sourcecode.c.h; path = "UIView+YX_Add.h"; sourceTree = "<group>"; };
		8E1C64001EC0060E00E81690 /* UIView+YX_Add.m */ = {isa = PBXFileReference; fileEncoding = 4; lastKnownFileType = sourcecode.c.objc; path = "UIView+YX_Add.m"; sourceTree = "<group>"; };
		8E38853D1EB869E200E8EF56 /* UIColor+YYAdd.h */ = {isa = PBXFileReference; fileEncoding = 4; lastKnownFileType = sourcecode.c.h; path = "UIColor+YYAdd.h"; sourceTree = "<group>"; };
		8E38853E1EB869E200E8EF56 /* UIColor+YYAdd.m */ = {isa = PBXFileReference; fileEncoding = 4; lastKnownFileType = sourcecode.c.objc; path = "UIColor+YYAdd.m"; sourceTree = "<group>"; };
		8E3885401EB86DFE00E8EF56 /* NSString+Regex.h */ = {isa = PBXFileReference; fileEncoding = 4; lastKnownFileType = sourcecode.c.h; path = "NSString+Regex.h"; sourceTree = "<group>"; };
		8E3885411EB86DFE00E8EF56 /* NSString+Regex.m */ = {isa = PBXFileReference; fileEncoding = 4; lastKnownFileType = sourcecode.c.objc; path = "NSString+Regex.m"; sourceTree = "<group>"; };
		8E398A811E98CA1100CFB569 /* UIView+YYAdd.h */ = {isa = PBXFileReference; fileEncoding = 4; lastKnownFileType = sourcecode.c.h; path = "UIView+YYAdd.h"; sourceTree = "<group>"; };
		8E398A821E98CA1100CFB569 /* UIView+YYAdd.m */ = {isa = PBXFileReference; fileEncoding = 4; lastKnownFileType = sourcecode.c.objc; path = "UIView+YYAdd.m"; sourceTree = "<group>"; };
		8E398A841E98E55E00CFB569 /* CALayer+YYAdd.h */ = {isa = PBXFileReference; fileEncoding = 4; lastKnownFileType = sourcecode.c.h; path = "CALayer+YYAdd.h"; sourceTree = "<group>"; };
		8E398A851E98E55E00CFB569 /* CALayer+YYAdd.m */ = {isa = PBXFileReference; fileEncoding = 4; lastKnownFileType = sourcecode.c.objc; path = "CALayer+YYAdd.m"; sourceTree = "<group>"; };
		8E6190A01E9B310400EC43DD /* GeneralTool.h */ = {isa = PBXFileReference; fileEncoding = 4; lastKnownFileType = sourcecode.c.h; path = GeneralTool.h; sourceTree = "<group>"; };
		8E6190A11E9B310400EC43DD /* GeneralTool.m */ = {isa = PBXFileReference; fileEncoding = 4; lastKnownFileType = sourcecode.c.objc; path = GeneralTool.m; sourceTree = "<group>"; };
		8E6190A31E9B310400EC43DD /* NSDictionary+Log.h */ = {isa = PBXFileReference; fileEncoding = 4; lastKnownFileType = sourcecode.c.h; path = "NSDictionary+Log.h"; sourceTree = "<group>"; };
		8E6190A41E9B310400EC43DD /* NSDictionary+Log.m */ = {isa = PBXFileReference; fileEncoding = 4; lastKnownFileType = sourcecode.c.objc; path = "NSDictionary+Log.m"; sourceTree = "<group>"; };
		8E6190AD1E9B37DA00EC43DD /* StepCountTool.h */ = {isa = PBXFileReference; fileEncoding = 4; lastKnownFileType = sourcecode.c.h; path = StepCountTool.h; sourceTree = "<group>"; };
		8E6190AE1E9B37DA00EC43DD /* StepCountTool.m */ = {isa = PBXFileReference; fileEncoding = 4; lastKnownFileType = sourcecode.c.objc; path = StepCountTool.m; sourceTree = "<group>"; };
		8E6190B41E9B6B8F00EC43DD /* LoginView.h */ = {isa = PBXFileReference; fileEncoding = 4; lastKnownFileType = sourcecode.c.h; path = LoginView.h; sourceTree = "<group>"; };
		8E6190B51E9B6B8F00EC43DD /* LoginView.m */ = {isa = PBXFileReference; fileEncoding = 4; lastKnownFileType = sourcecode.c.objc; path = LoginView.m; sourceTree = "<group>"; };
		8E6190B61E9B6B8F00EC43DD /* MyNavViewController.h */ = {isa = PBXFileReference; fileEncoding = 4; lastKnownFileType = sourcecode.c.h; path = MyNavViewController.h; sourceTree = "<group>"; };
		8E6190B71E9B6B8F00EC43DD /* MyNavViewController.m */ = {isa = PBXFileReference; fileEncoding = 4; lastKnownFileType = sourcecode.c.objc; path = MyNavViewController.m; sourceTree = "<group>"; };
		8E6190B81E9B6B8F00EC43DD /* NextViewController.h */ = {isa = PBXFileReference; fileEncoding = 4; lastKnownFileType = sourcecode.c.h; path = NextViewController.h; sourceTree = "<group>"; };
		8E6190B91E9B6B8F00EC43DD /* NextViewController.m */ = {isa = PBXFileReference; fileEncoding = 4; lastKnownFileType = sourcecode.c.objc; path = NextViewController.m; sourceTree = "<group>"; };
		8E6190BA1E9B6B8F00EC43DD /* PingTransition.h */ = {isa = PBXFileReference; fileEncoding = 4; lastKnownFileType = sourcecode.c.h; path = PingTransition.h; sourceTree = "<group>"; };
		8E6190BB1E9B6B8F00EC43DD /* PingTransition.m */ = {isa = PBXFileReference; fileEncoding = 4; lastKnownFileType = sourcecode.c.objc; path = PingTransition.m; sourceTree = "<group>"; };
		8E6190BC1E9B6B8F00EC43DD /* YXLoginButton.h */ = {isa = PBXFileReference; fileEncoding = 4; lastKnownFileType = sourcecode.c.h; path = YXLoginButton.h; sourceTree = "<group>"; };
		8E6190BD1E9B6B8F00EC43DD /* YXLoginButton.m */ = {isa = PBXFileReference; fileEncoding = 4; lastKnownFileType = sourcecode.c.objc; path = YXLoginButton.m; sourceTree = "<group>"; };
		8E6190BE1E9B6B8F00EC43DD /* YXTextField.h */ = {isa = PBXFileReference; fileEncoding = 4; lastKnownFileType = sourcecode.c.h; path = YXTextField.h; sourceTree = "<group>"; };
		8E6190BF1E9B6B8F00EC43DD /* YXTextField.m */ = {isa = PBXFileReference; fileEncoding = 4; lastKnownFileType = sourcecode.c.objc; path = YXTextField.m; sourceTree = "<group>"; };
		8E6190C61E9B6BD600EC43DD /* LoginViewController.h */ = {isa = PBXFileReference; fileEncoding = 4; lastKnownFileType = sourcecode.c.h; path = LoginViewController.h; sourceTree = "<group>"; };
		8E6190C71E9B6BD600EC43DD /* LoginViewController.m */ = {isa = PBXFileReference; fileEncoding = 4; lastKnownFileType = sourcecode.c.objc; path = LoginViewController.m; sourceTree = "<group>"; };
		8E70B7B51EF9FB4300F08F96 /* FPagesViewController.h */ = {isa = PBXFileReference; fileEncoding = 4; lastKnownFileType = sourcecode.c.h; path = FPagesViewController.h; sourceTree = "<group>"; };
		8E70B7B61EF9FB4300F08F96 /* FPagesViewController.m */ = {isa = PBXFileReference; fileEncoding = 4; lastKnownFileType = sourcecode.c.objc; path = FPagesViewController.m; sourceTree = "<group>"; };
		8E70B7B81EF9FC4500F08F96 /* FTitleLabel.h */ = {isa = PBXFileReference; fileEncoding = 4; lastKnownFileType = sourcecode.c.h; path = FTitleLabel.h; sourceTree = "<group>"; };
		8E70B7B91EF9FC4500F08F96 /* FTitleLabel.m */ = {isa = PBXFileReference; fileEncoding = 4; lastKnownFileType = sourcecode.c.objc; path = FTitleLabel.m; sourceTree = "<group>"; };
		8E70B7BB1EFA0F1900F08F96 /* AppDelegate+AppService.h */ = {isa = PBXFileReference; fileEncoding = 4; lastKnownFileType = sourcecode.c.h; path = "AppDelegate+AppService.h"; sourceTree = "<group>"; };
		8E70B7BC1EFA0F1900F08F96 /* AppDelegate+AppService.m */ = {isa = PBXFileReference; fileEncoding = 4; lastKnownFileType = sourcecode.c.objc; path = "AppDelegate+AppService.m"; sourceTree = "<group>"; };
		8E70EEEF1E6ABD2D00CF35FA /* YXNetWorkTool.h */ = {isa = PBXFileReference; fileEncoding = 4; lastKnownFileType = sourcecode.c.h; path = YXNetWorkTool.h; sourceTree = "<group>"; };
		8E70EEF01E6ABD2D00CF35FA /* YXNetWorkTool.m */ = {isa = PBXFileReference; fileEncoding = 4; lastKnownFileType = sourcecode.c.objc; path = YXNetWorkTool.m; sourceTree = "<group>"; };
		8E70EEFA1E6AC24400CF35FA /* 1.jpg */ = {isa = PBXFileReference; lastKnownFileType = image.jpeg; path = 1.jpg; sourceTree = "<group>"; };
		8E70EEFB1E6AC24400CF35FA /* 2.jpg */ = {isa = PBXFileReference; lastKnownFileType = image.jpeg; path = 2.jpg; sourceTree = "<group>"; };
		8E70EEFC1E6AC24400CF35FA /* 3.jpg */ = {isa = PBXFileReference; lastKnownFileType = image.jpeg; path = 3.jpg; sourceTree = "<group>"; };
		8E70EEFD1E6AC24400CF35FA /* 4.jpg */ = {isa = PBXFileReference; lastKnownFileType = image.jpeg; path = 4.jpg; sourceTree = "<group>"; };
		8E70EEFE1E6AC24400CF35FA /* 5.jpg */ = {isa = PBXFileReference; lastKnownFileType = image.jpeg; path = 5.jpg; sourceTree = "<group>"; };
		8E70EEFF1E6AC24400CF35FA /* 6.jpg */ = {isa = PBXFileReference; lastKnownFileType = image.jpeg; path = 6.jpg; sourceTree = "<group>"; };
		8E71DBB51EB9BC6500CB66A1 /* HomeViewController.h */ = {isa = PBXFileReference; fileEncoding = 4; lastKnownFileType = sourcecode.c.h; path = HomeViewController.h; sourceTree = "<group>"; };
		8E71DBB61EB9BC6500CB66A1 /* HomeViewController.m */ = {isa = PBXFileReference; fileEncoding = 4; lastKnownFileType = sourcecode.c.objc; path = HomeViewController.m; sourceTree = "<group>"; };
		8E71DBB81EB9BC6500CB66A1 /* MessageViewController.h */ = {isa = PBXFileReference; fileEncoding = 4; lastKnownFileType = sourcecode.c.h; path = MessageViewController.h; sourceTree = "<group>"; };
		8E71DBB91EB9BC6500CB66A1 /* MessageViewController.m */ = {isa = PBXFileReference; fileEncoding = 4; lastKnownFileType = sourcecode.c.objc; path = MessageViewController.m; sourceTree = "<group>"; };
		8E71DBBB1EB9BC6500CB66A1 /* MineViewController.h */ = {isa = PBXFileReference; fileEncoding = 4; lastKnownFileType = sourcecode.c.h; path = MineViewController.h; sourceTree = "<group>"; };
		8E71DBBC1EB9BC6500CB66A1 /* MineViewController.m */ = {isa = PBXFileReference; fileEncoding = 4; lastKnownFileType = sourcecode.c.objc; path = MineViewController.m; sourceTree = "<group>"; };
		8E71DBBE1EB9BC6500CB66A1 /* SecondViewController.h */ = {isa = PBXFileReference; fileEncoding = 4; lastKnownFileType = sourcecode.c.h; path = SecondViewController.h; sourceTree = "<group>"; };
		8E71DBBF1EB9BC6500CB66A1 /* SecondViewController.m */ = {isa = PBXFileReference; fileEncoding = 4; lastKnownFileType = sourcecode.c.objc; path = SecondViewController.m; sourceTree = "<group>"; };
		8E71DBC11EB9BC6500CB66A1 /* YXTabBar.h */ = {isa = PBXFileReference; fileEncoding = 4; lastKnownFileType = sourcecode.c.h; path = YXTabBar.h; sourceTree = "<group>"; };
		8E71DBC21EB9BC6500CB66A1 /* YXTabBar.m */ = {isa = PBXFileReference; fileEncoding = 4; lastKnownFileType = sourcecode.c.objc; path = YXTabBar.m; sourceTree = "<group>"; };
		8E71DBC31EB9BC6500CB66A1 /* YXTabBarController.h */ = {isa = PBXFileReference; fileEncoding = 4; lastKnownFileType = sourcecode.c.h; path = YXTabBarController.h; sourceTree = "<group>"; };
		8E71DBC41EB9BC6500CB66A1 /* YXTabBarController.m */ = {isa = PBXFileReference; fileEncoding = 4; lastKnownFileType = sourcecode.c.objc; path = YXTabBarController.m; sourceTree = "<group>"; };
		8E78D8831ED591CF009FEBA6 /* HandlerView.h */ = {isa = PBXFileReference; fileEncoding = 4; lastKnownFileType = sourcecode.c.h; path = HandlerView.h; sourceTree = "<group>"; };
		8E78D8841ED591CF009FEBA6 /* HandlerView.m */ = {isa = PBXFileReference; fileEncoding = 4; lastKnownFileType = sourcecode.c.objc; path = HandlerView.m; sourceTree = "<group>"; };
		8E78D8871ED591CF009FEBA6 /* ICustomView.h */ = {isa = PBXFileReference; fileEncoding = 4; lastKnownFileType = sourcecode.c.h; path = ICustomView.h; sourceTree = "<group>"; };
		8E78D8881ED591CF009FEBA6 /* IFactoryView.h */ = {isa = PBXFileReference; fileEncoding = 4; lastKnownFileType = sourcecode.c.h; path = IFactoryView.h; sourceTree = "<group>"; };
		8E78D8891ED591CF009FEBA6 /* InfoView.h */ = {isa = PBXFileReference; fileEncoding = 4; lastKnownFileType = sourcecode.c.h; path = InfoView.h; sourceTree = "<group>"; };
		8E78D88A1ED591CF009FEBA6 /* InfoView.m */ = {isa = PBXFileReference; fileEncoding = 4; lastKnownFileType = sourcecode.c.objc; path = InfoView.m; sourceTree = "<group>"; };
		8E78D88B1ED591CF009FEBA6 /* ViewController.h */ = {isa = PBXFileReference; fileEncoding = 4; lastKnownFileType = sourcecode.c.h; path = ViewController.h; sourceTree = "<group>"; };
		8E78D88C1ED591CF009FEBA6 /* ViewController.m */ = {isa = PBXFileReference; fileEncoding = 4; lastKnownFileType = sourcecode.c.objc; path = ViewController.m; sourceTree = "<group>"; };
		8E78D8911ED597B5009FEBA6 /* ScrollViewComplexController.h */ = {isa = PBXFileReference; fileEncoding = 4; lastKnownFileType = sourcecode.c.h; path = ScrollViewComplexController.h; sourceTree = "<group>"; };
		8E78D8921ED597B5009FEBA6 /* ScrollViewComplexController.m */ = {isa = PBXFileReference; fileEncoding = 4; lastKnownFileType = sourcecode.c.objc; path = ScrollViewComplexController.m; sourceTree = "<group>"; };
		8E78D8981ED5AF31009FEBA6 /* DLRadioButton.h */ = {isa = PBXFileReference; fileEncoding = 4; lastKnownFileType = sourcecode.c.h; path = DLRadioButton.h; sourceTree = "<group>"; };
		8E78D8991ED5AF31009FEBA6 /* DLRadioButton.m */ = {isa = PBXFileReference; fileEncoding = 4; lastKnownFileType = sourcecode.c.objc; path = DLRadioButton.m; sourceTree = "<group>"; };
		8E78D89B1ED5B99A009FEBA6 /* DoAllTypeView.h */ = {isa = PBXFileReference; fileEncoding = 4; lastKnownFileType = sourcecode.c.h; path = DoAllTypeView.h; sourceTree = "<group>"; };
		8E78D89C1ED5B99A009FEBA6 /* DoAllTypeView.m */ = {isa = PBXFileReference; fileEncoding = 4; lastKnownFileType = sourcecode.c.objc; path = DoAllTypeView.m; sourceTree = "<group>"; };
		8E78D89E1ED6DAA1009FEBA6 /* DepartMentView.h */ = {isa = PBXFileReference; fileEncoding = 4; lastKnownFileType = sourcecode.c.h; path = DepartMentView.h; sourceTree = "<group>"; };
		8E78D89F1ED6DAA1009FEBA6 /* DepartMentView.m */ = {isa = PBXFileReference; fileEncoding = 4; lastKnownFileType = sourcecode.c.objc; path = DepartMentView.m; sourceTree = "<group>"; };
		8E78D8A11ED6DEA2009FEBA6 /* TimeLimitedView.h */ = {isa = PBXFileReference; fileEncoding = 4; lastKnownFileType = sourcecode.c.h; path = TimeLimitedView.h; sourceTree = "<group>"; };
		8E78D8A21ED6DEA2009FEBA6 /* TimeLimitedView.m */ = {isa = PBXFileReference; fileEncoding = 4; lastKnownFileType = sourcecode.c.objc; path = TimeLimitedView.m; sourceTree = "<group>"; };
		8E78D8A51ED6E14A009FEBA6 /* CCDatePickerView.h */ = {isa = PBXFileReference; fileEncoding = 4; lastKnownFileType = sourcecode.c.h; path = CCDatePickerView.h; sourceTree = "<group>"; };
		8E78D8A61ED6E14A009FEBA6 /* CCDatePickerView.m */ = {isa = PBXFileReference; fileEncoding = 4; lastKnownFileType = sourcecode.c.objc; path = CCDatePickerView.m; sourceTree = "<group>"; };
		8E791A271F3BFC8000A4C33A /* MBProgressHUD+YX.h */ = {isa = PBXFileReference; fileEncoding = 4; lastKnownFileType = sourcecode.c.h; path = "MBProgressHUD+YX.h"; sourceTree = "<group>"; };
		8E791A281F3BFC8000A4C33A /* MBProgressHUD+YX.m */ = {isa = PBXFileReference; fileEncoding = 4; lastKnownFileType = sourcecode.c.objc; path = "MBProgressHUD+YX.m"; sourceTree = "<group>"; };
		8EA383121EB87D8200BA2837 /* UIImage+YYAdd.h */ = {isa = PBXFileReference; fileEncoding = 4; lastKnownFileType = sourcecode.c.h; path = "UIImage+YYAdd.h"; sourceTree = "<group>"; };
		8EA383131EB87D8200BA2837 /* UIImage+YYAdd.m */ = {isa = PBXFileReference; fileEncoding = 4; lastKnownFileType = sourcecode.c.objc; path = "UIImage+YYAdd.m"; sourceTree = "<group>"; };
		8EC61E0C22EA893000FAB4C6 /* Macros.h */ = {isa = PBXFileReference; lastKnownFileType = sourcecode.c.h; path = Macros.h; sourceTree = "<group>"; };
		8EDF37211E5AC9F100156B6C /* FYXin_Project.app */ = {isa = PBXFileReference; explicitFileType = wrapper.application; includeInIndex = 0; path = FYXin_Project.app; sourceTree = BUILT_PRODUCTS_DIR; };
		8EDF37251E5AC9F100156B6C /* main.m */ = {isa = PBXFileReference; lastKnownFileType = sourcecode.c.objc; path = main.m; sourceTree = "<group>"; };
		8EDF37301E5AC9F100156B6C /* Assets.xcassets */ = {isa = PBXFileReference; lastKnownFileType = folder.assetcatalog; path = Assets.xcassets; sourceTree = "<group>"; };
		8EDF37331E5AC9F100156B6C /* Base */ = {isa = PBXFileReference; lastKnownFileType = file.storyboard; name = Base; path = Base.lproj/LaunchScreen.storyboard; sourceTree = "<group>"; };
		8EDF37351E5AC9F100156B6C /* Info.plist */ = {isa = PBXFileReference; lastKnownFileType = text.plist.xml; path = Info.plist; sourceTree = "<group>"; };
		8EDF373A1E5AC9F100156B6C /* FYXin_ProjectTests.xctest */ = {isa = PBXFileReference; explicitFileType = wrapper.cfbundle; includeInIndex = 0; path = FYXin_ProjectTests.xctest; sourceTree = BUILT_PRODUCTS_DIR; };
		8EDF373E1E5AC9F100156B6C /* FYXin_ProjectTests.m */ = {isa = PBXFileReference; lastKnownFileType = sourcecode.c.objc; path = FYXin_ProjectTests.m; sourceTree = "<group>"; };
		8EDF37401E5AC9F100156B6C /* Info.plist */ = {isa = PBXFileReference; lastKnownFileType = text.plist.xml; path = Info.plist; sourceTree = "<group>"; };
		8EDF374A1E5ACC9700156B6C /* AppDelegate.h */ = {isa = PBXFileReference; fileEncoding = 4; lastKnownFileType = sourcecode.c.h; path = AppDelegate.h; sourceTree = "<group>"; };
		8EDF374B1E5ACC9700156B6C /* AppDelegate.m */ = {isa = PBXFileReference; fileEncoding = 4; lastKnownFileType = sourcecode.c.objc; path = AppDelegate.m; sourceTree = "<group>"; };
		8EDF37551E5AE7AD00156B6C /* Define.h */ = {isa = PBXFileReference; fileEncoding = 4; lastKnownFileType = sourcecode.c.h; path = Define.h; sourceTree = "<group>"; };
		8EF9764E1EADF5E900D4625B /* UITableView+PlaceHolderView.h */ = {isa = PBXFileReference; fileEncoding = 4; lastKnownFileType = sourcecode.c.h; path = "UITableView+PlaceHolderView.h"; sourceTree = "<group>"; };
		8EF9764F1EADF5E900D4625B /* UITableView+PlaceHolderView.m */ = {isa = PBXFileReference; fileEncoding = 4; lastKnownFileType = sourcecode.c.objc; path = "UITableView+PlaceHolderView.m"; sourceTree = "<group>"; };
		8EF976581EADFC4300D4625B /* RegisterViewController.h */ = {isa = PBXFileReference; fileEncoding = 4; lastKnownFileType = sourcecode.c.h; path = RegisterViewController.h; sourceTree = "<group>"; };
		8EF976591EADFC4300D4625B /* RegisterViewController.m */ = {isa = PBXFileReference; fileEncoding = 4; lastKnownFileType = sourcecode.c.objc; path = RegisterViewController.m; sourceTree = "<group>"; };
		B49E44D1B01EECF6BE2B70C1 /* Pods-FYXin_Project.release.xcconfig */ = {isa = PBXFileReference; includeInIndex = 1; lastKnownFileType = text.xcconfig; name = "Pods-FYXin_Project.release.xcconfig"; path = "Pods/Target Support Files/Pods-FYXin_Project/Pods-FYXin_Project.release.xcconfig"; sourceTree = "<group>"; };
/* End PBXFileReference section */

/* Begin PBXFrameworksBuildPhase section */
		8EDF371E1E5AC9F100156B6C /* Frameworks */ = {
			isa = PBXFrameworksBuildPhase;
			buildActionMask = 2147483647;
			files = (
				9A6601AA4C0E152810F75541 /* libPods-FYXin_Project.a in Frameworks */,
			);
			runOnlyForDeploymentPostprocessing = 0;
		};
		8EDF37371E5AC9F100156B6C /* Frameworks */ = {
			isa = PBXFrameworksBuildPhase;
			buildActionMask = 2147483647;
			files = (
			);
			runOnlyForDeploymentPostprocessing = 0;
		};
/* End PBXFrameworksBuildPhase section */

/* Begin PBXGroup section */
		848873BFE7D4F9E95785287C /* Pods */ = {
			isa = PBXGroup;
			children = (
				75D84252516CDECC69FFC1CB /* Pods-FYXin_Project.debug.xcconfig */,
				B49E44D1B01EECF6BE2B70C1 /* Pods-FYXin_Project.release.xcconfig */,
			);
			name = Pods;
			sourceTree = "<group>";
		};
		8E00AE981EA83553005745BB /* Cipher */ = {
			isa = PBXGroup;
			children = (
				8E00AE991EA83553005745BB /* EncryptionTools.h */,
				8E00AE9A1EA83553005745BB /* EncryptionTools.m */,
			);
			path = Cipher;
			sourceTree = "<group>";
		};
		8E00AE9B1EA83553005745BB /* Cipher-RSA */ = {
			isa = PBXGroup;
			children = (
				8E00AE9C1EA83553005745BB /* RSACryptor.h */,
				8E00AE9D1EA83553005745BB /* RSACryptor.m */,
			);
			path = "Cipher-RSA";
			sourceTree = "<group>";
		};
		8E00AE9E1EA83553005745BB /* Security */ = {
			isa = PBXGroup;
			children = (
				8E00AE9F1EA83553005745BB /* NSString+Hash.h */,
				8E00AEA01EA83553005745BB /* NSString+Hash.m */,
			);
			path = Security;
			sourceTree = "<group>";
		};
		8E02FB011EA0727800267208 /* KtTableView */ = {
			isa = PBXGroup;
			children = (
				8E02FB021EA0727800267208 /* KtBaseTableView.h */,
				8E02FB031EA0727800267208 /* KtBaseTableView.m */,
				8E02FB041EA0727800267208 /* KtBaseTableViewCell.h */,
				8E02FB051EA0727800267208 /* KtBaseTableViewCell.m */,
				8E02FB061EA0727800267208 /* KtTableViewBaseItem.h */,
				8E02FB071EA0727800267208 /* KtTableViewBaseItem.m */,
				8E02FB081EA0727800267208 /* KtTableViewController.h */,
				8E02FB091EA0727800267208 /* KtTableViewController.m */,
				8E02FB0A1EA0727800267208 /* KtTableViewDataSource.h */,
				8E02FB0B1EA0727800267208 /* KtTableViewDataSource.m */,
				8E02FB0C1EA0727800267208 /* KtTableViewSectionObject.h */,
				8E02FB0D1EA0727800267208 /* KtTableViewSectionObject.m */,
			);
			path = KtTableView;
			sourceTree = "<group>";
		};
		8E398A7C1E98BEA300CFB569 /* UIComponent */ = {
			isa = PBXGroup;
			children = (
				8E78D8A41ED6E14A009FEBA6 /* TimePickerView */,
				8E78D8971ED5AF31009FEBA6 /* DLRadioButton */,
				8E78D8821ED591CF009FEBA6 /* ICustomView */,
				8EF9764D1EADF5E900D4625B /* UITableview+placeHolder */,
				8E02FB011EA0727800267208 /* KtTableView */,
				8E398A7D1E98BEA300CFB569 /* YYPhotoGroupView */,
			);
			path = UIComponent;
			sourceTree = "<group>";
		};
		8E398A7D1E98BEA300CFB569 /* YYPhotoGroupView */ = {
			isa = PBXGroup;
			children = (
				8E0DE38F1E99CFBE000D2400 /* YYPhotoGroupView.h */,
				8E0DE3901E99CFBE000D2400 /* YYPhotoGroupView.m */,
				8E398A841E98E55E00CFB569 /* CALayer+YYAdd.h */,
				8E398A851E98E55E00CFB569 /* CALayer+YYAdd.m */,
				8E398A811E98CA1100CFB569 /* UIView+YYAdd.h */,
				8E398A821E98CA1100CFB569 /* UIView+YYAdd.m */,
			);
			path = YYPhotoGroupView;
			sourceTree = "<group>";
		};
		8E61909F1E9B310400EC43DD /* GeneralTool */ = {
			isa = PBXGroup;
			children = (
				8E6190A01E9B310400EC43DD /* GeneralTool.h */,
				8E6190A11E9B310400EC43DD /* GeneralTool.m */,
			);
			path = GeneralTool;
			sourceTree = "<group>";
		};
		8E6190A21E9B310400EC43DD /* NSDictionary+Log */ = {
			isa = PBXGroup;
			children = (
				8E6190A31E9B310400EC43DD /* NSDictionary+Log.h */,
				8E6190A41E9B310400EC43DD /* NSDictionary+Log.m */,
			);
			path = "NSDictionary+Log";
			sourceTree = "<group>";
		};
		8E6190B31E9B6B8F00EC43DD /* Login(登录) */ = {
			isa = PBXGroup;
			children = (
				8E6190C61E9B6BD600EC43DD /* LoginViewController.h */,
				8E6190C71E9B6BD600EC43DD /* LoginViewController.m */,
				8E6190B41E9B6B8F00EC43DD /* LoginView.h */,
				8E6190B51E9B6B8F00EC43DD /* LoginView.m */,
				8E6190B61E9B6B8F00EC43DD /* MyNavViewController.h */,
				8E6190B71E9B6B8F00EC43DD /* MyNavViewController.m */,
				8E6190B81E9B6B8F00EC43DD /* NextViewController.h */,
				8E6190B91E9B6B8F00EC43DD /* NextViewController.m */,
				8E6190BA1E9B6B8F00EC43DD /* PingTransition.h */,
				8E6190BB1E9B6B8F00EC43DD /* PingTransition.m */,
				8E6190BC1E9B6B8F00EC43DD /* YXLoginButton.h */,
				8E6190BD1E9B6B8F00EC43DD /* YXLoginButton.m */,
				8E6190BE1E9B6B8F00EC43DD /* YXTextField.h */,
				8E6190BF1E9B6B8F00EC43DD /* YXTextField.m */,
			);
			path = "Login(登录)";
			sourceTree = "<group>";
		};
		8E70EEED1E6ABD0700CF35FA /* Utils */ = {
			isa = PBXGroup;
			children = (
				8E00AE981EA83553005745BB /* Cipher */,
				8E00AE9B1EA83553005745BB /* Cipher-RSA */,
				8E00AE9E1EA83553005745BB /* Security */,
				8E61909F1E9B310400EC43DD /* GeneralTool */,
				8E6190A21E9B310400EC43DD /* NSDictionary+Log */,
				8E70EEEE1E6ABD2D00CF35FA /* YXNetWorkTool */,
				8E6190AD1E9B37DA00EC43DD /* StepCountTool.h */,
				8E6190AE1E9B37DA00EC43DD /* StepCountTool.m */,
			);
			path = Utils;
			sourceTree = "<group>";
		};
		8E70EEEE1E6ABD2D00CF35FA /* YXNetWorkTool */ = {
			isa = PBXGroup;
			children = (
				8E70EEEF1E6ABD2D00CF35FA /* YXNetWorkTool.h */,
				8E70EEF01E6ABD2D00CF35FA /* YXNetWorkTool.m */,
			);
			path = YXNetWorkTool;
			sourceTree = "<group>";
		};
		8E70EEF81E6AC24400CF35FA /* Resources */ = {
			isa = PBXGroup;
			children = (
				8E70EEF91E6AC24400CF35FA /* Images */,
			);
			path = Resources;
			sourceTree = "<group>";
		};
		8E70EEF91E6AC24400CF35FA /* Images */ = {
			isa = PBXGroup;
			children = (
				8E00EB151EBADE520031AD2D /* headIcon.png */,
				8E70EEFA1E6AC24400CF35FA /* 1.jpg */,
				8E70EEFB1E6AC24400CF35FA /* 2.jpg */,
				8E70EEFC1E6AC24400CF35FA /* 3.jpg */,
				8E70EEFD1E6AC24400CF35FA /* 4.jpg */,
				8E70EEFE1E6AC24400CF35FA /* 5.jpg */,
				8E70EEFF1E6AC24400CF35FA /* 6.jpg */,
			);
			path = Images;
			sourceTree = "<group>";
		};
		8E71DBB41EB9BC6500CB66A1 /* Home */ = {
			isa = PBXGroup;
			children = (
				8E71DBB51EB9BC6500CB66A1 /* HomeViewController.h */,
				8E71DBB61EB9BC6500CB66A1 /* HomeViewController.m */,
				8E00EB071EBABCB60031AD2D /* HomeTableViewDataSource.h */,
				8E00EB081EBABCB60031AD2D /* HomeTableViewDataSource.m */,
				8E00EB0D1EBAC4D80031AD2D /* HomeTableViewItem.h */,
				8E00EB0E1EBAC4D80031AD2D /* HomeTableViewItem.m */,
				8E00EB101EBAC7A40031AD2D /* HomeTableViewCell.h */,
				8E00EB111EBAC7A40031AD2D /* HomeTableViewCell.m */,
			);
			path = Home;
			sourceTree = "<group>";
		};
		8E71DBB71EB9BC6500CB66A1 /* Message */ = {
			isa = PBXGroup;
			children = (
				8E71DBB81EB9BC6500CB66A1 /* MessageViewController.h */,
				8E71DBB91EB9BC6500CB66A1 /* MessageViewController.m */,
				8E78D8911ED597B5009FEBA6 /* ScrollViewComplexController.h */,
				8E78D8921ED597B5009FEBA6 /* ScrollViewComplexController.m */,
				8E70B7B51EF9FB4300F08F96 /* FPagesViewController.h */,
				8E70B7B61EF9FB4300F08F96 /* FPagesViewController.m */,
				8E70B7B81EF9FC4500F08F96 /* FTitleLabel.h */,
				8E70B7B91EF9FC4500F08F96 /* FTitleLabel.m */,
			);
			path = Message;
			sourceTree = "<group>";
		};
		8E71DBBA1EB9BC6500CB66A1 /* Mine */ = {
			isa = PBXGroup;
			children = (
				8E71DBBB1EB9BC6500CB66A1 /* MineViewController.h */,
				8E71DBBC1EB9BC6500CB66A1 /* MineViewController.m */,
			);
			path = Mine;
			sourceTree = "<group>";
		};
		8E71DBBD1EB9BC6500CB66A1 /* Second */ = {
			isa = PBXGroup;
			children = (
				8E71DBBE1EB9BC6500CB66A1 /* SecondViewController.h */,
				8E71DBBF1EB9BC6500CB66A1 /* SecondViewController.m */,
			);
			path = Second;
			sourceTree = "<group>";
		};
		8E71DBC01EB9BC6500CB66A1 /* TabBar */ = {
			isa = PBXGroup;
			children = (
				8E71DBC11EB9BC6500CB66A1 /* YXTabBar.h */,
				8E71DBC21EB9BC6500CB66A1 /* YXTabBar.m */,
				8E71DBC31EB9BC6500CB66A1 /* YXTabBarController.h */,
				8E71DBC41EB9BC6500CB66A1 /* YXTabBarController.m */,
			);
			path = TabBar;
			sourceTree = "<group>";
		};
		8E7447851EB1CD66008CBCEA /* Expand(拓展) */ = {
			isa = PBXGroup;
			children = (
				8E7447861EB1CD76008CBCEA /* Category */,
			);
			path = "Expand(拓展)";
			sourceTree = "<group>";
		};
		8E7447861EB1CD76008CBCEA /* Category */ = {
			isa = PBXGroup;
			children = (
				8E791A271F3BFC8000A4C33A /* MBProgressHUD+YX.h */,
				8E791A281F3BFC8000A4C33A /* MBProgressHUD+YX.m */,
				8E0F1C021F0103790065AC07 /* UIResponder+Router.h */,
				8E0F1C031F0103790065AC07 /* UIResponder+Router.m */,
				8E0F1C041F0103790065AC07 /* UIView+Alert.h */,
				8E0F1C051F0103790065AC07 /* UIView+Alert.m */,
				8E0F1C061F0103790065AC07 /* UIView+Controller.h */,
				8E0F1C071F0103790065AC07 /* UIView+Controller.m */,
				8E38853D1EB869E200E8EF56 /* UIColor+YYAdd.h */,
				8E38853E1EB869E200E8EF56 /* UIColor+YYAdd.m */,
				8E3885401EB86DFE00E8EF56 /* NSString+Regex.h */,
				8E3885411EB86DFE00E8EF56 /* NSString+Regex.m */,
				8EA383121EB87D8200BA2837 /* UIImage+YYAdd.h */,
				8EA383131EB87D8200BA2837 /* UIImage+YYAdd.m */,
				8E1C63FF1EC0060E00E81690 /* UIView+YX_Add.h */,
				8E1C64001EC0060E00E81690 /* UIView+YX_Add.m */,
			);
			path = Category;
			sourceTree = "<group>";
		};
		8E78D8821ED591CF009FEBA6 /* ICustomView */ = {
			isa = PBXGroup;
			children = (
				8E78D89B1ED5B99A009FEBA6 /* DoAllTypeView.h */,
				8E78D89C1ED5B99A009FEBA6 /* DoAllTypeView.m */,
				8E78D89E1ED6DAA1009FEBA6 /* DepartMentView.h */,
				8E78D89F1ED6DAA1009FEBA6 /* DepartMentView.m */,
				8E78D8A11ED6DEA2009FEBA6 /* TimeLimitedView.h */,
				8E78D8A21ED6DEA2009FEBA6 /* TimeLimitedView.m */,
				8E78D8871ED591CF009FEBA6 /* ICustomView.h */,
				8E78D8881ED591CF009FEBA6 /* IFactoryView.h */,
				8E78D8831ED591CF009FEBA6 /* HandlerView.h */,
				8E78D8841ED591CF009FEBA6 /* HandlerView.m */,
				8E78D8891ED591CF009FEBA6 /* InfoView.h */,
				8E78D88A1ED591CF009FEBA6 /* InfoView.m */,
				8E78D88B1ED591CF009FEBA6 /* ViewController.h */,
				8E78D88C1ED591CF009FEBA6 /* ViewController.m */,
			);
			path = ICustomView;
			sourceTree = "<group>";
		};
		8E78D8971ED5AF31009FEBA6 /* DLRadioButton */ = {
			isa = PBXGroup;
			children = (
				8E78D8981ED5AF31009FEBA6 /* DLRadioButton.h */,
				8E78D8991ED5AF31009FEBA6 /* DLRadioButton.m */,
			);
			path = DLRadioButton;
			sourceTree = "<group>";
		};
		8E78D8A41ED6E14A009FEBA6 /* TimePickerView */ = {
			isa = PBXGroup;
			children = (
				8E78D8A51ED6E14A009FEBA6 /* CCDatePickerView.h */,
				8E78D8A61ED6E14A009FEBA6 /* CCDatePickerView.m */,
			);
			path = TimePickerView;
			sourceTree = "<group>";
		};
		8E84ECF21F1A35D3008E5179 /* Vender */ = {
			isa = PBXGroup;
			children = (
			);
			path = Vender;
			sourceTree = "<group>";
		};
		8EDF37181E5AC9F100156B6C = {
			isa = PBXGroup;
			children = (
				8EDF37231E5AC9F100156B6C /* FYXin_Project */,
				8EDF373D1E5AC9F100156B6C /* FYXin_ProjectTests */,
				8EDF37221E5AC9F100156B6C /* Products */,
				848873BFE7D4F9E95785287C /* Pods */,
				952C6FC4E9CC19DB784985CF /* Frameworks */,
			);
			sourceTree = "<group>";
		};
		8EDF37221E5AC9F100156B6C /* Products */ = {
			isa = PBXGroup;
			children = (
				8EDF37211E5AC9F100156B6C /* FYXin_Project.app */,
				8EDF373A1E5AC9F100156B6C /* FYXin_ProjectTests.xctest */,
			);
			name = Products;
			sourceTree = "<group>";
		};
		8EDF37231E5AC9F100156B6C /* FYXin_Project */ = {
			isa = PBXGroup;
			children = (
				8E84ECF21F1A35D3008E5179 /* Vender */,
				8E7447851EB1CD66008CBCEA /* Expand(拓展) */,
				8E398A7C1E98BEA300CFB569 /* UIComponent */,
				8E70EEF81E6AC24400CF35FA /* Resources */,
				8E70EEED1E6ABD0700CF35FA /* Utils */,
				8EDF37541E5AE7AD00156B6C /* Macro */,
				8EDF37491E5ACC9700156B6C /* AppDelegate */,
				8EDF374E1E5ACC9700156B6C /* Coding_iOS */,
				8EDF37241E5AC9F100156B6C /* Supporting Files */,
			);
			path = FYXin_Project;
			sourceTree = "<group>";
		};
		8EDF37241E5AC9F100156B6C /* Supporting Files */ = {
			isa = PBXGroup;
			children = (
				8EDF37301E5AC9F100156B6C /* Assets.xcassets */,
				8EDF37321E5AC9F100156B6C /* LaunchScreen.storyboard */,
				8EDF37351E5AC9F100156B6C /* Info.plist */,
				8EDF37251E5AC9F100156B6C /* main.m */,
			);
			name = "Supporting Files";
			sourceTree = "<group>";
		};
		8EDF373D1E5AC9F100156B6C /* FYXin_ProjectTests */ = {
			isa = PBXGroup;
			children = (
				8EDF373E1E5AC9F100156B6C /* FYXin_ProjectTests.m */,
				8EDF37401E5AC9F100156B6C /* Info.plist */,
			);
			path = FYXin_ProjectTests;
			sourceTree = "<group>";
		};
		8EDF37491E5ACC9700156B6C /* AppDelegate */ = {
			isa = PBXGroup;
			children = (
				8EDF374A1E5ACC9700156B6C /* AppDelegate.h */,
				8EDF374B1E5ACC9700156B6C /* AppDelegate.m */,
				8E70B7BB1EFA0F1900F08F96 /* AppDelegate+AppService.h */,
				8E70B7BC1EFA0F1900F08F96 /* AppDelegate+AppService.m */,
			);
			path = AppDelegate;
			sourceTree = "<group>";
		};
		8EDF374E1E5ACC9700156B6C /* Coding_iOS */ = {
			isa = PBXGroup;
			children = (
				8E71DBB41EB9BC6500CB66A1 /* Home */,
				8E71DBB71EB9BC6500CB66A1 /* Message */,
				8E71DBBA1EB9BC6500CB66A1 /* Mine */,
				8E71DBBD1EB9BC6500CB66A1 /* Second */,
				8E71DBC01EB9BC6500CB66A1 /* TabBar */,
				8EF976571EADFC4300D4625B /* Register(注册) */,
				8E6190B31E9B6B8F00EC43DD /* Login(登录) */,
			);
			path = Coding_iOS;
			sourceTree = "<group>";
		};
		8EDF37541E5AE7AD00156B6C /* Macro */ = {
			isa = PBXGroup;
			children = (
				8EDF37551E5AE7AD00156B6C /* Define.h */,
				8EC61E0C22EA893000FAB4C6 /* Macros.h */,
			);
			path = Macro;
			sourceTree = "<group>";
		};
		8EF9764D1EADF5E900D4625B /* UITableview+placeHolder */ = {
			isa = PBXGroup;
			children = (
				8EF9764E1EADF5E900D4625B /* UITableView+PlaceHolderView.h */,
				8EF9764F1EADF5E900D4625B /* UITableView+PlaceHolderView.m */,
			);
			path = "UITableview+placeHolder";
			sourceTree = "<group>";
		};
		8EF976571EADFC4300D4625B /* Register(注册) */ = {
			isa = PBXGroup;
			children = (
				8EF976581EADFC4300D4625B /* RegisterViewController.h */,
				8EF976591EADFC4300D4625B /* RegisterViewController.m */,
			);
			path = "Register(注册)";
			sourceTree = "<group>";
		};
		952C6FC4E9CC19DB784985CF /* Frameworks */ = {
			isa = PBXGroup;
			children = (
				2229C8C87FD5B3AF1209AFF0 /* libPods-FYXin_Project.a */,
			);
			name = Frameworks;
			sourceTree = "<group>";
		};
/* End PBXGroup section */

/* Begin PBXNativeTarget section */
		8EDF37201E5AC9F100156B6C /* FYXin_Project */ = {
			isa = PBXNativeTarget;
			buildConfigurationList = 8EDF37431E5AC9F100156B6C /* Build configuration list for PBXNativeTarget "FYXin_Project" */;
			buildPhases = (
				F07EA4A935419A258299FCC6 /* [CP] Check Pods Manifest.lock */,
				8EDF371D1E5AC9F100156B6C /* Sources */,
				8EDF371E1E5AC9F100156B6C /* Frameworks */,
				8EDF371F1E5AC9F100156B6C /* Resources */,
				CE70486357AA6F8166202853 /* [CP] Copy Pods Resources */,
			);
			buildRules = (
			);
			dependencies = (
			);
			name = FYXin_Project;
			productName = FYXin_Project;
			productReference = 8EDF37211E5AC9F100156B6C /* FYXin_Project.app */;
			productType = "com.apple.product-type.application";
		};
		8EDF37391E5AC9F100156B6C /* FYXin_ProjectTests */ = {
			isa = PBXNativeTarget;
			buildConfigurationList = 8EDF37461E5AC9F100156B6C /* Build configuration list for PBXNativeTarget "FYXin_ProjectTests" */;
			buildPhases = (
				8EDF37361E5AC9F100156B6C /* Sources */,
				8EDF37371E5AC9F100156B6C /* Frameworks */,
				8EDF37381E5AC9F100156B6C /* Resources */,
			);
			buildRules = (
			);
			dependencies = (
				8EDF373C1E5AC9F100156B6C /* PBXTargetDependency */,
			);
			name = FYXin_ProjectTests;
			productName = FYXin_ProjectTests;
			productReference = 8EDF373A1E5AC9F100156B6C /* FYXin_ProjectTests.xctest */;
			productType = "com.apple.product-type.bundle.unit-test";
		};
/* End PBXNativeTarget section */

/* Begin PBXProject section */
		8EDF37191E5AC9F100156B6C /* Project object */ = {
			isa = PBXProject;
			attributes = {
				CLASSPREFIX = "";
				LastUpgradeCheck = 0810;
				ORGANIZATIONNAME = FYXin;
				TargetAttributes = {
					8EDF37201E5AC9F100156B6C = {
						CreatedOnToolsVersion = 8.1;
						DevelopmentTeam = 46QLDDAP3Q;
						ProvisioningStyle = Automatic;
					};
					8EDF37391E5AC9F100156B6C = {
						CreatedOnToolsVersion = 8.1;
						DevelopmentTeam = 46QLDDAP3Q;
						ProvisioningStyle = Automatic;
						TestTargetID = 8EDF37201E5AC9F100156B6C;
					};
				};
			};
			buildConfigurationList = 8EDF371C1E5AC9F100156B6C /* Build configuration list for PBXProject "FYXin_Project" */;
			compatibilityVersion = "Xcode 3.1";
			developmentRegion = English;
			hasScannedForEncodings = 0;
			knownRegions = (
				English,
				en,
				Base,
			);
			mainGroup = 8EDF37181E5AC9F100156B6C;
			productRefGroup = 8EDF37221E5AC9F100156B6C /* Products */;
			projectDirPath = "";
			projectRoot = "";
			targets = (
				8EDF37201E5AC9F100156B6C /* FYXin_Project */,
				8EDF37391E5AC9F100156B6C /* FYXin_ProjectTests */,
			);
		};
/* End PBXProject section */

/* Begin PBXResourcesBuildPhase section */
		8EDF371F1E5AC9F100156B6C /* Resources */ = {
			isa = PBXResourcesBuildPhase;
			buildActionMask = 2147483647;
			files = (
				8E70EF051E6AC24400CF35FA /* 6.jpg in Resources */,
				8E00EB161EBADE520031AD2D /* headIcon.png in Resources */,
				8EDF37341E5AC9F100156B6C /* LaunchScreen.storyboard in Resources */,
				8E70EF041E6AC24400CF35FA /* 5.jpg in Resources */,
				8E70EF031E6AC24400CF35FA /* 4.jpg in Resources */,
				8E70EF001E6AC24400CF35FA /* 1.jpg in Resources */,
				8E70EF011E6AC24400CF35FA /* 2.jpg in Resources */,
				8E70EF021E6AC24400CF35FA /* 3.jpg in Resources */,
				8EDF37311E5AC9F100156B6C /* Assets.xcassets in Resources */,
			);
			runOnlyForDeploymentPostprocessing = 0;
		};
		8EDF37381E5AC9F100156B6C /* Resources */ = {
			isa = PBXResourcesBuildPhase;
			buildActionMask = 2147483647;
			files = (
			);
			runOnlyForDeploymentPostprocessing = 0;
		};
/* End PBXResourcesBuildPhase section */

/* Begin PBXShellScriptBuildPhase section */
		CE70486357AA6F8166202853 /* [CP] Copy Pods Resources */ = {
			isa = PBXShellScriptBuildPhase;
			buildActionMask = 2147483647;
			files = (
			);
			inputPaths = (
				"${SRCROOT}/Pods/Target Support Files/Pods-FYXin_Project/Pods-FYXin_Project-resources.sh",
				"${PODS_ROOT}/MJRefresh/MJRefresh/MJRefresh.bundle",
			);
			name = "[CP] Copy Pods Resources";
			outputPaths = (
				"${TARGET_BUILD_DIR}/${UNLOCALIZED_RESOURCES_FOLDER_PATH}/MJRefresh.bundle",
			);
			runOnlyForDeploymentPostprocessing = 0;
			shellPath = /bin/sh;
			shellScript = "\"${SRCROOT}/Pods/Target Support Files/Pods-FYXin_Project/Pods-FYXin_Project-resources.sh\"\n";
			showEnvVarsInLog = 0;
		};
		F07EA4A935419A258299FCC6 /* [CP] Check Pods Manifest.lock */ = {
			isa = PBXShellScriptBuildPhase;
			buildActionMask = 2147483647;
			files = (
			);
			inputPaths = (
				"${PODS_PODFILE_DIR_PATH}/Podfile.lock",
				"${PODS_ROOT}/Manifest.lock",
			);
			name = "[CP] Check Pods Manifest.lock";
			outputPaths = (
				"$(DERIVED_FILE_DIR)/Pods-FYXin_Project-checkManifestLockResult.txt",
			);
			runOnlyForDeploymentPostprocessing = 0;
			shellPath = /bin/sh;
			shellScript = "diff \"${PODS_PODFILE_DIR_PATH}/Podfile.lock\" \"${PODS_ROOT}/Manifest.lock\" > /dev/null\nif [ $? != 0 ] ; then\n    # print error to STDERR\n    echo \"error: The sandbox is not in sync with the Podfile.lock. Run 'pod install' or update your CocoaPods installation.\" >&2\n    exit 1\nfi\n# This output is used by Xcode 'outputs' to avoid re-running this script phase.\necho \"SUCCESS\" > \"${SCRIPT_OUTPUT_FILE_0}\"\n";
			showEnvVarsInLog = 0;
		};
/* End PBXShellScriptBuildPhase section */

/* Begin PBXSourcesBuildPhase section */
		8EDF371D1E5AC9F100156B6C /* Sources */ = {
			isa = PBXSourcesBuildPhase;
			buildActionMask = 2147483647;
			files = (
				8E02FB121EA0727800267208 /* KtTableViewDataSource.m in Sources */,
				8E71DBC81EB9BC6500CB66A1 /* SecondViewController.m in Sources */,
				8E02FB131EA0727800267208 /* KtTableViewSectionObject.m in Sources */,
				8E02FB111EA0727800267208 /* KtTableViewController.m in Sources */,
				8E70B7BD1EFA0F1900F08F96 /* AppDelegate+AppService.m in Sources */,
				8E00AEA11EA83553005745BB /* EncryptionTools.m in Sources */,
				8E00EB091EBABCB60031AD2D /* HomeTableViewDataSource.m in Sources */,
				8E6190C11E9B6B9000EC43DD /* MyNavViewController.m in Sources */,
				8E71DBC91EB9BC6500CB66A1 /* YXTabBar.m in Sources */,
				8E6190C31E9B6B9000EC43DD /* PingTransition.m in Sources */,
				8E6190A51E9B310400EC43DD /* GeneralTool.m in Sources */,
				8EF976501EADF5E900D4625B /* UITableView+PlaceHolderView.m in Sources */,
				8E00EB0F1EBAC4D80031AD2D /* HomeTableViewItem.m in Sources */,
				8E78D8931ED597B6009FEBA6 /* ScrollViewComplexController.m in Sources */,
				8E78D8A01ED6DAA1009FEBA6 /* DepartMentView.m in Sources */,
				8E78D8A31ED6DEA2009FEBA6 /* TimeLimitedView.m in Sources */,
				8E02FB0E1EA0727800267208 /* KtBaseTableView.m in Sources */,
				8E78D89D1ED5B99A009FEBA6 /* DoAllTypeView.m in Sources */,
				8E3885421EB86DFE00E8EF56 /* NSString+Regex.m in Sources */,
				8E78D88F1ED591CF009FEBA6 /* InfoView.m in Sources */,
				8E02FB101EA0727800267208 /* KtTableViewBaseItem.m in Sources */,
				8E0F1C0A1F0103790065AC07 /* UIView+Controller.m in Sources */,
				8E78D88D1ED591CF009FEBA6 /* HandlerView.m in Sources */,
				8E78D8A71ED6E14A009FEBA6 /* CCDatePickerView.m in Sources */,
				8E1C64011EC0060E00E81690 /* UIView+YX_Add.m in Sources */,
				8E6190C81E9B6BD600EC43DD /* LoginViewController.m in Sources */,
				8E0F1C081F0103790065AC07 /* UIResponder+Router.m in Sources */,
				8E71DBC71EB9BC6500CB66A1 /* MineViewController.m in Sources */,
				8E6190C01E9B6B9000EC43DD /* LoginView.m in Sources */,
				8E00AEA31EA83553005745BB /* NSString+Hash.m in Sources */,
				8EF9765A1EADFC4300D4625B /* RegisterViewController.m in Sources */,
				8E6190AF1E9B37DA00EC43DD /* StepCountTool.m in Sources */,
				8E398A831E98CA1100CFB569 /* UIView+YYAdd.m in Sources */,
				8E00AEA21EA83553005745BB /* RSACryptor.m in Sources */,
				8E38853F1EB869E200E8EF56 /* UIColor+YYAdd.m in Sources */,
				8E71DBC51EB9BC6500CB66A1 /* HomeViewController.m in Sources */,
				8E6190C41E9B6B9000EC43DD /* YXLoginButton.m in Sources */,
				8E6190C51E9B6B9000EC43DD /* YXTextField.m in Sources */,
				8E0F1C091F0103790065AC07 /* UIView+Alert.m in Sources */,
				8E791A291F3BFC8000A4C33A /* MBProgressHUD+YX.m in Sources */,
				8E6190A61E9B310400EC43DD /* NSDictionary+Log.m in Sources */,
				8E70EEF11E6ABD2D00CF35FA /* YXNetWorkTool.m in Sources */,
				8E0DE3911E99CFBE000D2400 /* YYPhotoGroupView.m in Sources */,
				8EDF374F1E5ACC9700156B6C /* AppDelegate.m in Sources */,
				8EA383141EB87D8200BA2837 /* UIImage+YYAdd.m in Sources */,
				8EDF37261E5AC9F100156B6C /* main.m in Sources */,
				8E6190C21E9B6B9000EC43DD /* NextViewController.m in Sources */,
				8E70B7BA1EF9FC4500F08F96 /* FTitleLabel.m in Sources */,
				8E78D8901ED591CF009FEBA6 /* ViewController.m in Sources */,
				8E398A861E98E55E00CFB569 /* CALayer+YYAdd.m in Sources */,
				8E70B7B71EF9FB4300F08F96 /* FPagesViewController.m in Sources */,
				8E78D89A1ED5AF31009FEBA6 /* DLRadioButton.m in Sources */,
				8E00EB121EBAC7A40031AD2D /* HomeTableViewCell.m in Sources */,
				8E71DBC61EB9BC6500CB66A1 /* MessageViewController.m in Sources */,
				8E02FB0F1EA0727800267208 /* KtBaseTableViewCell.m in Sources */,
				8E71DBCA1EB9BC6500CB66A1 /* YXTabBarController.m in Sources */,
			);
			runOnlyForDeploymentPostprocessing = 0;
		};
		8EDF37361E5AC9F100156B6C /* Sources */ = {
			isa = PBXSourcesBuildPhase;
			buildActionMask = 2147483647;
			files = (
				8EDF373F1E5AC9F100156B6C /* FYXin_ProjectTests.m in Sources */,
			);
			runOnlyForDeploymentPostprocessing = 0;
		};
/* End PBXSourcesBuildPhase section */

/* Begin PBXTargetDependency section */
		8EDF373C1E5AC9F100156B6C /* PBXTargetDependency */ = {
			isa = PBXTargetDependency;
			target = 8EDF37201E5AC9F100156B6C /* FYXin_Project */;
			targetProxy = 8EDF373B1E5AC9F100156B6C /* PBXContainerItemProxy */;
		};
/* End PBXTargetDependency section */

/* Begin PBXVariantGroup section */
		8EDF37321E5AC9F100156B6C /* LaunchScreen.storyboard */ = {
			isa = PBXVariantGroup;
			children = (
				8EDF37331E5AC9F100156B6C /* Base */,
			);
			name = LaunchScreen.storyboard;
			sourceTree = "<group>";
		};
/* End PBXVariantGroup section */

/* Begin XCBuildConfiguration section */
		8EDF37411E5AC9F100156B6C /* Debug */ = {
			isa = XCBuildConfiguration;
			buildSettings = {
				ALWAYS_SEARCH_USER_PATHS = NO;
				CLANG_ANALYZER_NONNULL = YES;
				CLANG_CXX_LANGUAGE_STANDARD = "gnu++0x";
				CLANG_CXX_LIBRARY = "libc++";
				CLANG_ENABLE_MODULES = YES;
				CLANG_ENABLE_OBJC_ARC = YES;
				CLANG_WARN_BOOL_CONVERSION = YES;
				CLANG_WARN_CONSTANT_CONVERSION = YES;
				CLANG_WARN_DIRECT_OBJC_ISA_USAGE = YES_ERROR;
				CLANG_WARN_DOCUMENTATION_COMMENTS = YES;
				CLANG_WARN_EMPTY_BODY = YES;
				CLANG_WARN_ENUM_CONVERSION = YES;
				CLANG_WARN_INFINITE_RECURSION = YES;
				CLANG_WARN_INT_CONVERSION = YES;
				CLANG_WARN_OBJC_ROOT_CLASS = YES_ERROR;
				CLANG_WARN_SUSPICIOUS_MOVES = YES;
				CLANG_WARN_UNREACHABLE_CODE = YES;
				CLANG_WARN__DUPLICATE_METHOD_MATCH = YES;
				"CODE_SIGN_IDENTITY[sdk=iphoneos*]" = "iPhone Developer";
				COPY_PHASE_STRIP = NO;
				DEBUG_INFORMATION_FORMAT = "dwarf-with-dsym";
				ENABLE_STRICT_OBJC_MSGSEND = YES;
				ENABLE_TESTABILITY = YES;
				GCC_C_LANGUAGE_STANDARD = gnu99;
				GCC_DYNAMIC_NO_PIC = NO;
				GCC_NO_COMMON_BLOCKS = YES;
				GCC_OPTIMIZATION_LEVEL = 0;
				GCC_PREPROCESSOR_DEFINITIONS = (
					"DEBUG=1",
					"$(inherited)",
				);
				GCC_WARN_64_TO_32_BIT_CONVERSION = YES;
				GCC_WARN_ABOUT_RETURN_TYPE = YES_ERROR;
				GCC_WARN_UNDECLARED_SELECTOR = YES;
				GCC_WARN_UNINITIALIZED_AUTOS = YES_AGGRESSIVE;
				GCC_WARN_UNUSED_FUNCTION = YES;
				GCC_WARN_UNUSED_VARIABLE = YES;
				IPHONEOS_DEPLOYMENT_TARGET = 8.0;
				MTL_ENABLE_DEBUG_INFO = YES;
				ONLY_ACTIVE_ARCH = YES;
				SDKROOT = iphoneos;
				TARGETED_DEVICE_FAMILY = "1,2";
			};
			name = Debug;
		};
		8EDF37421E5AC9F100156B6C /* Release */ = {
			isa = XCBuildConfiguration;
			buildSettings = {
				ALWAYS_SEARCH_USER_PATHS = NO;
				CLANG_ANALYZER_NONNULL = YES;
				CLANG_CXX_LANGUAGE_STANDARD = "gnu++0x";
				CLANG_CXX_LIBRARY = "libc++";
				CLANG_ENABLE_MODULES = YES;
				CLANG_ENABLE_OBJC_ARC = YES;
				CLANG_WARN_BOOL_CONVERSION = YES;
				CLANG_WARN_CONSTANT_CONVERSION = YES;
				CLANG_WARN_DIRECT_OBJC_ISA_USAGE = YES_ERROR;
				CLANG_WARN_DOCUMENTATION_COMMENTS = YES;
				CLANG_WARN_EMPTY_BODY = YES;
				CLANG_WARN_ENUM_CONVERSION = YES;
				CLANG_WARN_INFINITE_RECURSION = YES;
				CLANG_WARN_INT_CONVERSION = YES;
				CLANG_WARN_OBJC_ROOT_CLASS = YES_ERROR;
				CLANG_WARN_SUSPICIOUS_MOVES = YES;
				CLANG_WARN_UNREACHABLE_CODE = YES;
				CLANG_WARN__DUPLICATE_METHOD_MATCH = YES;
				"CODE_SIGN_IDENTITY[sdk=iphoneos*]" = "iPhone Developer";
				COPY_PHASE_STRIP = NO;
				DEBUG_INFORMATION_FORMAT = "dwarf-with-dsym";
				ENABLE_NS_ASSERTIONS = NO;
				ENABLE_STRICT_OBJC_MSGSEND = YES;
				GCC_C_LANGUAGE_STANDARD = gnu99;
				GCC_NO_COMMON_BLOCKS = YES;
				GCC_WARN_64_TO_32_BIT_CONVERSION = YES;
				GCC_WARN_ABOUT_RETURN_TYPE = YES_ERROR;
				GCC_WARN_UNDECLARED_SELECTOR = YES;
				GCC_WARN_UNINITIALIZED_AUTOS = YES_AGGRESSIVE;
				GCC_WARN_UNUSED_FUNCTION = YES;
				GCC_WARN_UNUSED_VARIABLE = YES;
				IPHONEOS_DEPLOYMENT_TARGET = 8.0;
				MTL_ENABLE_DEBUG_INFO = NO;
				SDKROOT = iphoneos;
				TARGETED_DEVICE_FAMILY = "1,2";
				VALIDATE_PRODUCT = YES;
			};
			name = Release;
		};
		8EDF37441E5AC9F100156B6C /* Debug */ = {
			isa = XCBuildConfiguration;
			baseConfigurationReference = 75D84252516CDECC69FFC1CB /* Pods-FYXin_Project.debug.xcconfig */;
			buildSettings = {
				ASSETCATALOG_COMPILER_APPICON_NAME = AppIcon;
				DEVELOPMENT_TEAM = 46QLDDAP3Q;
				FRAMEWORK_SEARCH_PATHS = (
					"$(inherited)",
					"$(PROJECT_DIR)/FYXin_Project/Utils/QExtension/UIView+QExtension",
				);
				INFOPLIST_FILE = FYXin_Project/Info.plist;
				IPHONEOS_DEPLOYMENT_TARGET = 9.0;
				LD_RUNPATH_SEARCH_PATHS = "$(inherited) @executable_path/Frameworks";
				PRODUCT_BUNDLE_IDENTIFIER = "com.FYXin.FYXin-Project";
				PRODUCT_NAME = "$(TARGET_NAME)";
			};
			name = Debug;
		};
		8EDF37451E5AC9F100156B6C /* Release */ = {
			isa = XCBuildConfiguration;
			baseConfigurationReference = B49E44D1B01EECF6BE2B70C1 /* Pods-FYXin_Project.release.xcconfig */;
			buildSettings = {
				ASSETCATALOG_COMPILER_APPICON_NAME = AppIcon;
				DEVELOPMENT_TEAM = 46QLDDAP3Q;
				FRAMEWORK_SEARCH_PATHS = (
					"$(inherited)",
					"$(PROJECT_DIR)/FYXin_Project/Utils/QExtension/UIView+QExtension",
				);
				INFOPLIST_FILE = FYXin_Project/Info.plist;
				IPHONEOS_DEPLOYMENT_TARGET = 9.0;
				LD_RUNPATH_SEARCH_PATHS = "$(inherited) @executable_path/Frameworks";
				PRODUCT_BUNDLE_IDENTIFIER = "com.FYXin.FYXin-Project";
				PRODUCT_NAME = "$(TARGET_NAME)";
			};
			name = Release;
		};
		8EDF37471E5AC9F100156B6C /* Debug */ = {
			isa = XCBuildConfiguration;
			buildSettings = {
				BUNDLE_LOADER = "$(TEST_HOST)";
				DEVELOPMENT_TEAM = 46QLDDAP3Q;
				INFOPLIST_FILE = FYXin_ProjectTests/Info.plist;
				LD_RUNPATH_SEARCH_PATHS = "$(inherited) @executable_path/Frameworks @loader_path/Frameworks";
				PRODUCT_BUNDLE_IDENTIFIER = "com.FYXin.FYXin-ProjectTests";
				PRODUCT_NAME = "$(TARGET_NAME)";
				TEST_HOST = "$(BUILT_PRODUCTS_DIR)/FYXin_Project.app/FYXin_Project";
			};
			name = Debug;
		};
		8EDF37481E5AC9F100156B6C /* Release */ = {
			isa = XCBuildConfiguration;
			buildSettings = {
				BUNDLE_LOADER = "$(TEST_HOST)";
				DEVELOPMENT_TEAM = 46QLDDAP3Q;
				INFOPLIST_FILE = FYXin_ProjectTests/Info.plist;
				LD_RUNPATH_SEARCH_PATHS = "$(inherited) @executable_path/Frameworks @loader_path/Frameworks";
				PRODUCT_BUNDLE_IDENTIFIER = "com.FYXin.FYXin-ProjectTests";
				PRODUCT_NAME = "$(TARGET_NAME)";
				TEST_HOST = "$(BUILT_PRODUCTS_DIR)/FYXin_Project.app/FYXin_Project";
			};
			name = Release;
		};
/* End XCBuildConfiguration section */

/* Begin XCConfigurationList section */
		8EDF371C1E5AC9F100156B6C /* Build configuration list for PBXProject "FYXin_Project" */ = {
			isa = XCConfigurationList;
			buildConfigurations = (
				8EDF37411E5AC9F100156B6C /* Debug */,
				8EDF37421E5AC9F100156B6C /* Release */,
			);
			defaultConfigurationIsVisible = 0;
			defaultConfigurationName = Release;
		};
		8EDF37431E5AC9F100156B6C /* Build configuration list for PBXNativeTarget "FYXin_Project" */ = {
			isa = XCConfigurationList;
			buildConfigurations = (
				8EDF37441E5AC9F100156B6C /* Debug */,
				8EDF37451E5AC9F100156B6C /* Release */,
			);
			defaultConfigurationIsVisible = 0;
			defaultConfigurationName = Release;
		};
		8EDF37461E5AC9F100156B6C /* Build configuration list for PBXNativeTarget "FYXin_ProjectTests" */ = {
			isa = XCConfigurationList;
			buildConfigurations = (
				8EDF37471E5AC9F100156B6C /* Debug */,
				8EDF37481E5AC9F100156B6C /* Release */,
			);
			defaultConfigurationIsVisible = 0;
			defaultConfigurationName = Release;
		};
/* End XCConfigurationList section */
	};
	rootObject = 8EDF37191E5AC9F100156B6C /* Project object */;
}
